
Microsoft Visual Studio Solution File, Format Version 12.00
# Visual Studio 15
VisualStudioVersion = 15.0.26124.0
MinimumVisualStudioVersion = 15.0.26124.0
Project("{2150E333-8FDC-42A3-9474-1A3956D46DE8}") = "src", "src", "{CD5A0FAA-D1C7-4BF6-809D-7F6361DCB657}"
EndProject
Project("{2150E333-8FDC-42A3-9474-1A3956D46DE8}") = "Caching", "Caching", "{12739BA2-0763-49CA-B409-5D6DF634AD49}"
EndProject
Project("{FAE04EC0-301F-11D3-BF4B-00C04F79EFBC}") = "BizStream.Extensions.Kentico.Xperience.Caching", "src\Caching\src\BizStream.Extensions.Kentico.Xperience.Caching.csproj", "{5D2370DE-4DFA-43B6-AF04-C26418582437}"
EndProject
Project("{FAE04EC0-301F-11D3-BF4B-00C04F79EFBC}") = "BizStream.Extensions.Kentico.Xperience.Caching.Tests", "src\Caching\test\BizStream.Extensions.Kentico.Xperience.Caching.Tests.csproj", "{76794705-A317-4021-9ADA-927853AB96DF}"
EndProject
Project("{2150E333-8FDC-42A3-9474-1A3956D46DE8}") = "DataEngine", "DataEngine", "{6604E208-4514-4C95-B025-2DDA0495D523}"
EndProject
Project("{FAE04EC0-301F-11D3-BF4B-00C04F79EFBC}") = "BizStream.Extensions.Kentico.Xperience.DataEngine", "src\DataEngine\src\BizStream.Extensions.Kentico.Xperience.DataEngine.csproj", "{462F03EF-CAF4-4469-8C39-BB886253321A}"
EndProject
Project("{FAE04EC0-301F-11D3-BF4B-00C04F79EFBC}") = "BizStream.Extensions.Kentico.Xperience.DataEngine.Tests", "src\DataEngine\test\BizStream.Extensions.Kentico.Xperience.DataEngine.Tests.csproj", "{3832F983-1DC3-496F-9328-A04429489417}"
EndProject
Project("{2150E333-8FDC-42A3-9474-1A3956D46DE8}") = "DocumentEngine", "DocumentEngine", "{B1DDDCE6-2537-4D9B-976A-83A74DF31DE9}"
EndProject
Project("{FAE04EC0-301F-11D3-BF4B-00C04F79EFBC}") = "BizStream.Extensions.Kentico.Xperience.DocumentEngine", "src\DocumentEngine\src\BizStream.Extensions.Kentico.Xperience.DocumentEngine.csproj", "{EDB1F0F3-C139-4A32-AA02-C5A6D25A60AF}"
EndProject
Project("{FAE04EC0-301F-11D3-BF4B-00C04F79EFBC}") = "BizStream.Extensions.Kentico.Xperience.DocumentEngine.Tests", "src\DocumentEngine\test\BizStream.Extensions.Kentico.Xperience.DocumentEngine.Tests.csproj", "{82C61A3D-D740-47B4-9E1D-4B9BA7F8BEB9}"
EndProject
Project("{2150E333-8FDC-42A3-9474-1A3956D46DE8}") = "Retrievers", "Retrievers", "{2AA05EBA-1F91-4564-A175-C5720D5EA4B4}"
EndProject
Project("{FAE04EC0-301F-11D3-BF4B-00C04F79EFBC}") = "BizStream.Extensions.Kentico.Xperience.Retrievers", "src\Retrievers\src\BizStream.Extensions.Kentico.Xperience.Retrievers.csproj", "{DDA7EEC8-3493-48A3-83D8-D1CD3FA7E719}"
EndProject
Project("{FAE04EC0-301F-11D3-BF4B-00C04F79EFBC}") = "BizStream.Extensions.Kentico.Xperience.Retrievers.Tests", "src\Retrievers\test\BizStream.Extensions.Kentico.Xperience.Retrievers.Tests.csproj", "{5E737081-AA9A-429A-8199-4B5F7149A111}"
EndProject
Global
	GlobalSection(SolutionConfigurationPlatforms) = preSolution
		Debug|Any CPU = Debug|Any CPU
		Debug|x64 = Debug|x64
		Debug|x86 = Debug|x86
		Release|Any CPU = Release|Any CPU
		Release|x64 = Release|x64
		Release|x86 = Release|x86
	EndGlobalSection
	GlobalSection(SolutionProperties) = preSolution
		HideSolutionNode = FALSE
	EndGlobalSection
	GlobalSection(ProjectConfigurationPlatforms) = postSolution
		{5D2370DE-4DFA-43B6-AF04-C26418582437}.Debug|Any CPU.ActiveCfg = Debug|Any CPU
		{5D2370DE-4DFA-43B6-AF04-C26418582437}.Debug|Any CPU.Build.0 = Debug|Any CPU
		{5D2370DE-4DFA-43B6-AF04-C26418582437}.Debug|x64.ActiveCfg = Debug|Any CPU
		{5D2370DE-4DFA-43B6-AF04-C26418582437}.Debug|x64.Build.0 = Debug|Any CPU
		{5D2370DE-4DFA-43B6-AF04-C26418582437}.Debug|x86.ActiveCfg = Debug|Any CPU
		{5D2370DE-4DFA-43B6-AF04-C26418582437}.Debug|x86.Build.0 = Debug|Any CPU
		{5D2370DE-4DFA-43B6-AF04-C26418582437}.Release|Any CPU.ActiveCfg = Release|Any CPU
		{5D2370DE-4DFA-43B6-AF04-C26418582437}.Release|Any CPU.Build.0 = Release|Any CPU
		{5D2370DE-4DFA-43B6-AF04-C26418582437}.Release|x64.ActiveCfg = Release|Any CPU
		{5D2370DE-4DFA-43B6-AF04-C26418582437}.Release|x64.Build.0 = Release|Any CPU
		{5D2370DE-4DFA-43B6-AF04-C26418582437}.Release|x86.ActiveCfg = Release|Any CPU
		{5D2370DE-4DFA-43B6-AF04-C26418582437}.Release|x86.Build.0 = Release|Any CPU
		{76794705-A317-4021-9ADA-927853AB96DF}.Debug|Any CPU.ActiveCfg = Debug|Any CPU
		{76794705-A317-4021-9ADA-927853AB96DF}.Debug|Any CPU.Build.0 = Debug|Any CPU
		{76794705-A317-4021-9ADA-927853AB96DF}.Debug|x64.ActiveCfg = Debug|Any CPU
		{76794705-A317-4021-9ADA-927853AB96DF}.Debug|x64.Build.0 = Debug|Any CPU
		{76794705-A317-4021-9ADA-927853AB96DF}.Debug|x86.ActiveCfg = Debug|Any CPU
		{76794705-A317-4021-9ADA-927853AB96DF}.Debug|x86.Build.0 = Debug|Any CPU
		{76794705-A317-4021-9ADA-927853AB96DF}.Release|Any CPU.ActiveCfg = Release|Any CPU
		{76794705-A317-4021-9ADA-927853AB96DF}.Release|Any CPU.Build.0 = Release|Any CPU
		{76794705-A317-4021-9ADA-927853AB96DF}.Release|x64.ActiveCfg = Release|Any CPU
		{76794705-A317-4021-9ADA-927853AB96DF}.Release|x64.Build.0 = Release|Any CPU
		{76794705-A317-4021-9ADA-927853AB96DF}.Release|x86.ActiveCfg = Release|Any CPU
		{76794705-A317-4021-9ADA-927853AB96DF}.Release|x86.Build.0 = Release|Any CPU
		{462F03EF-CAF4-4469-8C39-BB886253321A}.Debug|Any CPU.ActiveCfg = Debug|Any CPU
		{462F03EF-CAF4-4469-8C39-BB886253321A}.Debug|Any CPU.Build.0 = Debug|Any CPU
		{462F03EF-CAF4-4469-8C39-BB886253321A}.Debug|x64.ActiveCfg = Debug|Any CPU
		{462F03EF-CAF4-4469-8C39-BB886253321A}.Debug|x64.Build.0 = Debug|Any CPU
		{462F03EF-CAF4-4469-8C39-BB886253321A}.Debug|x86.ActiveCfg = Debug|Any CPU
		{462F03EF-CAF4-4469-8C39-BB886253321A}.Debug|x86.Build.0 = Debug|Any CPU
		{462F03EF-CAF4-4469-8C39-BB886253321A}.Release|Any CPU.ActiveCfg = Release|Any CPU
		{462F03EF-CAF4-4469-8C39-BB886253321A}.Release|Any CPU.Build.0 = Release|Any CPU
		{462F03EF-CAF4-4469-8C39-BB886253321A}.Release|x64.ActiveCfg = Release|Any CPU
		{462F03EF-CAF4-4469-8C39-BB886253321A}.Release|x64.Build.0 = Release|Any CPU
		{462F03EF-CAF4-4469-8C39-BB886253321A}.Release|x86.ActiveCfg = Release|Any CPU
		{462F03EF-CAF4-4469-8C39-BB886253321A}.Release|x86.Build.0 = Release|Any CPU
		{3832F983-1DC3-496F-9328-A04429489417}.Debug|Any CPU.ActiveCfg = Debug|Any CPU
		{3832F983-1DC3-496F-9328-A04429489417}.Debug|Any CPU.Build.0 = Debug|Any CPU
		{3832F983-1DC3-496F-9328-A04429489417}.Debug|x64.ActiveCfg = Debug|Any CPU
		{3832F983-1DC3-496F-9328-A04429489417}.Debug|x64.Build.0 = Debug|Any CPU
		{3832F983-1DC3-496F-9328-A04429489417}.Debug|x86.ActiveCfg = Debug|Any CPU
		{3832F983-1DC3-496F-9328-A04429489417}.Debug|x86.Build.0 = Debug|Any CPU
		{3832F983-1DC3-496F-9328-A04429489417}.Release|Any CPU.ActiveCfg = Release|Any CPU
		{3832F983-1DC3-496F-9328-A04429489417}.Release|Any CPU.Build.0 = Release|Any CPU
		{3832F983-1DC3-496F-9328-A04429489417}.Release|x64.ActiveCfg = Release|Any CPU
		{3832F983-1DC3-496F-9328-A04429489417}.Release|x64.Build.0 = Release|Any CPU
		{3832F983-1DC3-496F-9328-A04429489417}.Release|x86.ActiveCfg = Release|Any CPU
		{3832F983-1DC3-496F-9328-A04429489417}.Release|x86.Build.0 = Release|Any CPU
		{EDB1F0F3-C139-4A32-AA02-C5A6D25A60AF}.Debug|Any CPU.ActiveCfg = Debug|Any CPU
		{EDB1F0F3-C139-4A32-AA02-C5A6D25A60AF}.Debug|Any CPU.Build.0 = Debug|Any CPU
		{EDB1F0F3-C139-4A32-AA02-C5A6D25A60AF}.Debug|x64.ActiveCfg = Debug|Any CPU
		{EDB1F0F3-C139-4A32-AA02-C5A6D25A60AF}.Debug|x64.Build.0 = Debug|Any CPU
		{EDB1F0F3-C139-4A32-AA02-C5A6D25A60AF}.Debug|x86.ActiveCfg = Debug|Any CPU
		{EDB1F0F3-C139-4A32-AA02-C5A6D25A60AF}.Debug|x86.Build.0 = Debug|Any CPU
		{EDB1F0F3-C139-4A32-AA02-C5A6D25A60AF}.Release|Any CPU.ActiveCfg = Release|Any CPU
		{EDB1F0F3-C139-4A32-AA02-C5A6D25A60AF}.Release|Any CPU.Build.0 = Release|Any CPU
		{EDB1F0F3-C139-4A32-AA02-C5A6D25A60AF}.Release|x64.ActiveCfg = Release|Any CPU
		{EDB1F0F3-C139-4A32-AA02-C5A6D25A60AF}.Release|x64.Build.0 = Release|Any CPU
		{EDB1F0F3-C139-4A32-AA02-C5A6D25A60AF}.Release|x86.ActiveCfg = Release|Any CPU
		{EDB1F0F3-C139-4A32-AA02-C5A6D25A60AF}.Release|x86.Build.0 = Release|Any CPU
		{82C61A3D-D740-47B4-9E1D-4B9BA7F8BEB9}.Debug|Any CPU.ActiveCfg = Debug|Any CPU
		{82C61A3D-D740-47B4-9E1D-4B9BA7F8BEB9}.Debug|Any CPU.Build.0 = Debug|Any CPU
		{82C61A3D-D740-47B4-9E1D-4B9BA7F8BEB9}.Debug|x64.ActiveCfg = Debug|Any CPU
		{82C61A3D-D740-47B4-9E1D-4B9BA7F8BEB9}.Debug|x64.Build.0 = Debug|Any CPU
		{82C61A3D-D740-47B4-9E1D-4B9BA7F8BEB9}.Debug|x86.ActiveCfg = Debug|Any CPU
		{82C61A3D-D740-47B4-9E1D-4B9BA7F8BEB9}.Debug|x86.Build.0 = Debug|Any CPU
		{82C61A3D-D740-47B4-9E1D-4B9BA7F8BEB9}.Release|Any CPU.ActiveCfg = Release|Any CPU
		{82C61A3D-D740-47B4-9E1D-4B9BA7F8BEB9}.Release|Any CPU.Build.0 = Release|Any CPU
		{82C61A3D-D740-47B4-9E1D-4B9BA7F8BEB9}.Release|x64.ActiveCfg = Release|Any CPU
		{82C61A3D-D740-47B4-9E1D-4B9BA7F8BEB9}.Release|x64.Build.0 = Release|Any CPU
		{82C61A3D-D740-47B4-9E1D-4B9BA7F8BEB9}.Release|x86.ActiveCfg = Release|Any CPU
		{82C61A3D-D740-47B4-9E1D-4B9BA7F8BEB9}.Release|x86.Build.0 = Release|Any CPU
		{DDA7EEC8-3493-48A3-83D8-D1CD3FA7E719}.Debug|Any CPU.ActiveCfg = Debug|Any CPU
		{DDA7EEC8-3493-48A3-83D8-D1CD3FA7E719}.Debug|Any CPU.Build.0 = Debug|Any CPU
		{DDA7EEC8-3493-48A3-83D8-D1CD3FA7E719}.Debug|x64.ActiveCfg = Debug|Any CPU
		{DDA7EEC8-3493-48A3-83D8-D1CD3FA7E719}.Debug|x64.Build.0 = Debug|Any CPU
		{DDA7EEC8-3493-48A3-83D8-D1CD3FA7E719}.Debug|x86.ActiveCfg = Debug|Any CPU
		{DDA7EEC8-3493-48A3-83D8-D1CD3FA7E719}.Debug|x86.Build.0 = Debug|Any CPU
		{DDA7EEC8-3493-48A3-83D8-D1CD3FA7E719}.Release|Any CPU.ActiveCfg = Release|Any CPU
		{DDA7EEC8-3493-48A3-83D8-D1CD3FA7E719}.Release|Any CPU.Build.0 = Release|Any CPU
		{DDA7EEC8-3493-48A3-83D8-D1CD3FA7E719}.Release|x64.ActiveCfg = Release|Any CPU
		{DDA7EEC8-3493-48A3-83D8-D1CD3FA7E719}.Release|x64.Build.0 = Release|Any CPU
		{DDA7EEC8-3493-48A3-83D8-D1CD3FA7E719}.Release|x86.ActiveCfg = Release|Any CPU
		{DDA7EEC8-3493-48A3-83D8-D1CD3FA7E719}.Release|x86.Build.0 = Release|Any CPU
		{5E737081-AA9A-429A-8199-4B5F7149A111}.Debug|Any CPU.ActiveCfg = Debug|Any CPU
		{5E737081-AA9A-429A-8199-4B5F7149A111}.Debug|Any CPU.Build.0 = Debug|Any CPU
		{5E737081-AA9A-429A-8199-4B5F7149A111}.Debug|x64.ActiveCfg = Debug|Any CPU
		{5E737081-AA9A-429A-8199-4B5F7149A111}.Debug|x64.Build.0 = Debug|Any CPU
		{5E737081-AA9A-429A-8199-4B5F7149A111}.Debug|x86.ActiveCfg = Debug|Any CPU
		{5E737081-AA9A-429A-8199-4B5F7149A111}.Debug|x86.Build.0 = Debug|Any CPU
		{5E737081-AA9A-429A-8199-4B5F7149A111}.Release|Any CPU.ActiveCfg = Release|Any CPU
		{5E737081-AA9A-429A-8199-4B5F7149A111}.Release|Any CPU.Build.0 = Release|Any CPU
		{5E737081-AA9A-429A-8199-4B5F7149A111}.Release|x64.ActiveCfg = Release|Any CPU
		{5E737081-AA9A-429A-8199-4B5F7149A111}.Release|x64.Build.0 = Release|Any CPU
		{5E737081-AA9A-429A-8199-4B5F7149A111}.Release|x86.ActiveCfg = Release|Any CPU
		{5E737081-AA9A-429A-8199-4B5F7149A111}.Release|x86.Build.0 = Release|Any CPU
	EndGlobalSection
	GlobalSection(NestedProjects) = preSolution
		{12739BA2-0763-49CA-B409-5D6DF634AD49} = {CD5A0FAA-D1C7-4BF6-809D-7F6361DCB657}
		{5D2370DE-4DFA-43B6-AF04-C26418582437} = {12739BA2-0763-49CA-B409-5D6DF634AD49}
		{76794705-A317-4021-9ADA-927853AB96DF} = {12739BA2-0763-49CA-B409-5D6DF634AD49}
		{6604E208-4514-4C95-B025-2DDA0495D523} = {CD5A0FAA-D1C7-4BF6-809D-7F6361DCB657}
		{462F03EF-CAF4-4469-8C39-BB886253321A} = {6604E208-4514-4C95-B025-2DDA0495D523}
		{3832F983-1DC3-496F-9328-A04429489417} = {6604E208-4514-4C95-B025-2DDA0495D523}
		{B1DDDCE6-2537-4D9B-976A-83A74DF31DE9} = {CD5A0FAA-D1C7-4BF6-809D-7F6361DCB657}
		{EDB1F0F3-C139-4A32-AA02-C5A6D25A60AF} = {B1DDDCE6-2537-4D9B-976A-83A74DF31DE9}
		{82C61A3D-D740-47B4-9E1D-4B9BA7F8BEB9} = {B1DDDCE6-2537-4D9B-976A-83A74DF31DE9}
		{2AA05EBA-1F91-4564-A175-C5720D5EA4B4} = {CD5A0FAA-D1C7-4BF6-809D-7F6361DCB657}
		{DDA7EEC8-3493-48A3-83D8-D1CD3FA7E719} = {2AA05EBA-1F91-4564-A175-C5720D5EA4B4}
		{5E737081-AA9A-429A-8199-4B5F7149A111} = {2AA05EBA-1F91-4564-A175-C5720D5EA4B4}
	EndGlobalSection
EndGlobal
