
Microsoft Visual Studio Solution File, Format Version 12.00
# Visual Studio Version 17
VisualStudioVersion = 17.0.31423.177
MinimumVisualStudioVersion = 15.0.26124.0
Project("{2150E333-8FDC-42A3-9474-1A3956D46DE8}") = "src", "src", "{CD5A0FAA-D1C7-4BF6-809D-7F6361DCB657}"
	ProjectSection(SolutionItems) = preProject
		src\Directory.Build.props = src\Directory.Build.props
		src\Directory.Build.targets = src\Directory.Build.targets
	EndProjectSection
EndProject
Project("{2150E333-8FDC-42A3-9474-1A3956D46DE8}") = "Caching", "Caching", "{12739BA2-0763-49CA-B409-5D6DF634AD49}"
EndProject
Project("{9A19103F-16F7-4668-BE54-9A1E7A4F7556}") = "BizStream.Extensions.Kentico.Xperience.Caching", "src\Caching\src\BizStream.Extensions.Kentico.Xperience.Caching.csproj", "{5D2370DE-4DFA-43B6-AF04-C26418582437}"
EndProject
Project("{9A19103F-16F7-4668-BE54-9A1E7A4F7556}") = "BizStream.Extensions.Kentico.Xperience.Caching.Tests", "src\Caching\test\BizStream.Extensions.Kentico.Xperience.Caching.Tests.csproj", "{76794705-A317-4021-9ADA-927853AB96DF}"
EndProject
Project("{2150E333-8FDC-42A3-9474-1A3956D46DE8}") = "DataEngine", "DataEngine", "{6604E208-4514-4C95-B025-2DDA0495D523}"
EndProject
Project("{9A19103F-16F7-4668-BE54-9A1E7A4F7556}") = "BizStream.Extensions.Kentico.Xperience.DataEngine", "src\DataEngine\src\BizStream.Extensions.Kentico.Xperience.DataEngine.csproj", "{462F03EF-CAF4-4469-8C39-BB886253321A}"
EndProject
Project("{9A19103F-16F7-4668-BE54-9A1E7A4F7556}") = "BizStream.Extensions.Kentico.Xperience.DataEngine.Tests", "src\DataEngine\test\BizStream.Extensions.Kentico.Xperience.DataEngine.Tests.csproj", "{3832F983-1DC3-496F-9328-A04429489417}"
EndProject
Project("{2150E333-8FDC-42A3-9474-1A3956D46DE8}") = "DocumentEngine", "DocumentEngine", "{B1DDDCE6-2537-4D9B-976A-83A74DF31DE9}"
EndProject
Project("{9A19103F-16F7-4668-BE54-9A1E7A4F7556}") = "BizStream.Extensions.Kentico.Xperience.DocumentEngine", "src\DocumentEngine\src\BizStream.Extensions.Kentico.Xperience.DocumentEngine.csproj", "{EDB1F0F3-C139-4A32-AA02-C5A6D25A60AF}"
EndProject
Project("{9A19103F-16F7-4668-BE54-9A1E7A4F7556}") = "BizStream.Extensions.Kentico.Xperience.DocumentEngine.Tests", "src\DocumentEngine\test\BizStream.Extensions.Kentico.Xperience.DocumentEngine.Tests.csproj", "{82C61A3D-D740-47B4-9E1D-4B9BA7F8BEB9}"
EndProject
Project("{2150E333-8FDC-42A3-9474-1A3956D46DE8}") = "PageRetrievers", "PageRetrievers", "{A3C751BA-6B67-4210-B98D-E0E5E0CE569D}"
EndProject
Project("{9A19103F-16F7-4668-BE54-9A1E7A4F7556}") = "BizStream.Extensions.Kentico.Xperience.PageRetrievers", "src\PageRetrievers\src\BizStream.Extensions.Kentico.Xperience.PageRetrievers.csproj", "{4571575B-64D8-46D3-B7BD-9EE2915BAB36}"
EndProject
Global
	GlobalSection(SolutionConfigurationPlatforms) = preSolution
		Debug|Any CPU = Debug|Any CPU
		Debug|x64 = Debug|x64
		Debug|x86 = Debug|x86
		Release|Any CPU = Release|Any CPU
		Release|x64 = Release|x64
		Release|x86 = Release|x86
	EndGlobalSection
	GlobalSection(ProjectConfigurationPlatforms) = postSolution
		{5D2370DE-4DFA-43B6-AF04-C26418582437}.Debug|Any CPU.ActiveCfg = Debug|Any CPU
		{5D2370DE-4DFA-43B6-AF04-C26418582437}.Debug|Any CPU.Build.0 = Debug|Any CPU
		{5D2370DE-4DFA-43B6-AF04-C26418582437}.Debug|x64.ActiveCfg = Debug|Any CPU
		{5D2370DE-4DFA-43B6-AF04-C26418582437}.Debug|x64.Build.0 = Debug|Any CPU
		{5D2370DE-4DFA-43B6-AF04-C26418582437}.Debug|x86.ActiveCfg = Debug|Any CPU
		{5D2370DE-4DFA-43B6-AF04-C26418582437}.Debug|x86.Build.0 = Debug|Any CPU
		{5D2370DE-4DFA-43B6-AF04-C26418582437}.Release|Any CPU.ActiveCfg = Release|Any CPU
		{5D2370DE-4DFA-43B6-AF04-C26418582437}.Release|Any CPU.Build.0 = Release|Any CPU
		{5D2370DE-4DFA-43B6-AF04-C26418582437}.Release|x64.ActiveCfg = Release|Any CPU
		{5D2370DE-4DFA-43B6-AF04-C26418582437}.Release|x64.Build.0 = Release|Any CPU
		{5D2370DE-4DFA-43B6-AF04-C26418582437}.Release|x86.ActiveCfg = Release|Any CPU
		{5D2370DE-4DFA-43B6-AF04-C26418582437}.Release|x86.Build.0 = Release|Any CPU
		{76794705-A317-4021-9ADA-927853AB96DF}.Debug|Any CPU.ActiveCfg = Debug|Any CPU
		{76794705-A317-4021-9ADA-927853AB96DF}.Debug|Any CPU.Build.0 = Debug|Any CPU
		{76794705-A317-4021-9ADA-927853AB96DF}.Debug|x64.ActiveCfg = Debug|Any CPU
		{76794705-A317-4021-9ADA-927853AB96DF}.Debug|x64.Build.0 = Debug|Any CPU
		{76794705-A317-4021-9ADA-927853AB96DF}.Debug|x86.ActiveCfg = Debug|Any CPU
		{76794705-A317-4021-9ADA-927853AB96DF}.Debug|x86.Build.0 = Debug|Any CPU
		{76794705-A317-4021-9ADA-927853AB96DF}.Release|Any CPU.ActiveCfg = Release|Any CPU
		{76794705-A317-4021-9ADA-927853AB96DF}.Release|Any CPU.Build.0 = Release|Any CPU
		{76794705-A317-4021-9ADA-927853AB96DF}.Release|x64.ActiveCfg = Release|Any CPU
		{76794705-A317-4021-9ADA-927853AB96DF}.Release|x64.Build.0 = Release|Any CPU
		{76794705-A317-4021-9ADA-927853AB96DF}.Release|x86.ActiveCfg = Release|Any CPU
		{76794705-A317-4021-9ADA-927853AB96DF}.Release|x86.Build.0 = Release|Any CPU
		{462F03EF-CAF4-4469-8C39-BB886253321A}.Debug|Any CPU.ActiveCfg = Debug|Any CPU
		{462F03EF-CAF4-4469-8C39-BB886253321A}.Debug|Any CPU.Build.0 = Debug|Any CPU
		{462F03EF-CAF4-4469-8C39-BB886253321A}.Debug|x64.ActiveCfg = Debug|Any CPU
		{462F03EF-CAF4-4469-8C39-BB886253321A}.Debug|x64.Build.0 = Debug|Any CPU
		{462F03EF-CAF4-4469-8C39-BB886253321A}.Debug|x86.ActiveCfg = Debug|Any CPU
		{462F03EF-CAF4-4469-8C39-BB886253321A}.Debug|x86.Build.0 = Debug|Any CPU
		{462F03EF-CAF4-4469-8C39-BB886253321A}.Release|Any CPU.ActiveCfg = Release|Any CPU
		{462F03EF-CAF4-4469-8C39-BB886253321A}.Release|Any CPU.Build.0 = Release|Any CPU
		{462F03EF-CAF4-4469-8C39-BB886253321A}.Release|x64.ActiveCfg = Release|Any CPU
		{462F03EF-CAF4-4469-8C39-BB886253321A}.Release|x64.Build.0 = Release|Any CPU
		{462F03EF-CAF4-4469-8C39-BB886253321A}.Release|x86.ActiveCfg = Release|Any CPU
		{462F03EF-CAF4-4469-8C39-BB886253321A}.Release|x86.Build.0 = Release|Any CPU
		{3832F983-1DC3-496F-9328-A04429489417}.Debug|Any CPU.ActiveCfg = Debug|Any CPU
		{3832F983-1DC3-496F-9328-A04429489417}.Debug|Any CPU.Build.0 = Debug|Any CPU
		{3832F983-1DC3-496F-9328-A04429489417}.Debug|x64.ActiveCfg = Debug|Any CPU
		{3832F983-1DC3-496F-9328-A04429489417}.Debug|x64.Build.0 = Debug|Any CPU
		{3832F983-1DC3-496F-9328-A04429489417}.Debug|x86.ActiveCfg = Debug|Any CPU
		{3832F983-1DC3-496F-9328-A04429489417}.Debug|x86.Build.0 = Debug|Any CPU
		{3832F983-1DC3-496F-9328-A04429489417}.Release|Any CPU.ActiveCfg = Release|Any CPU
		{3832F983-1DC3-496F-9328-A04429489417}.Release|Any CPU.Build.0 = Release|Any CPU
		{3832F983-1DC3-496F-9328-A04429489417}.Release|x64.ActiveCfg = Release|Any CPU
		{3832F983-1DC3-496F-9328-A04429489417}.Release|x64.Build.0 = Release|Any CPU
		{3832F983-1DC3-496F-9328-A04429489417}.Release|x86.ActiveCfg = Release|Any CPU
		{3832F983-1DC3-496F-9328-A04429489417}.Release|x86.Build.0 = Release|Any CPU
		{EDB1F0F3-C139-4A32-AA02-C5A6D25A60AF}.Debug|Any CPU.ActiveCfg = Debug|Any CPU
		{EDB1F0F3-C139-4A32-AA02-C5A6D25A60AF}.Debug|Any CPU.Build.0 = Debug|Any CPU
		{EDB1F0F3-C139-4A32-AA02-C5A6D25A60AF}.Debug|x64.ActiveCfg = Debug|Any CPU
		{EDB1F0F3-C139-4A32-AA02-C5A6D25A60AF}.Debug|x64.Build.0 = Debug|Any CPU
		{EDB1F0F3-C139-4A32-AA02-C5A6D25A60AF}.Debug|x86.ActiveCfg = Debug|Any CPU
		{EDB1F0F3-C139-4A32-AA02-C5A6D25A60AF}.Debug|x86.Build.0 = Debug|Any CPU
		{EDB1F0F3-C139-4A32-AA02-C5A6D25A60AF}.Release|Any CPU.ActiveCfg = Release|Any CPU
		{EDB1F0F3-C139-4A32-AA02-C5A6D25A60AF}.Release|Any CPU.Build.0 = Release|Any CPU
		{EDB1F0F3-C139-4A32-AA02-C5A6D25A60AF}.Release|x64.ActiveCfg = Release|Any CPU
		{EDB1F0F3-C139-4A32-AA02-C5A6D25A60AF}.Release|x64.Build.0 = Release|Any CPU
		{EDB1F0F3-C139-4A32-AA02-C5A6D25A60AF}.Release|x86.ActiveCfg = Release|Any CPU
		{EDB1F0F3-C139-4A32-AA02-C5A6D25A60AF}.Release|x86.Build.0 = Release|Any CPU
		{82C61A3D-D740-47B4-9E1D-4B9BA7F8BEB9}.Debug|Any CPU.ActiveCfg = Debug|Any CPU
		{82C61A3D-D740-47B4-9E1D-4B9BA7F8BEB9}.Debug|Any CPU.Build.0 = Debug|Any CPU
		{82C61A3D-D740-47B4-9E1D-4B9BA7F8BEB9}.Debug|x64.ActiveCfg = Debug|Any CPU
		{82C61A3D-D740-47B4-9E1D-4B9BA7F8BEB9}.Debug|x64.Build.0 = Debug|Any CPU
		{82C61A3D-D740-47B4-9E1D-4B9BA7F8BEB9}.Debug|x86.ActiveCfg = Debug|Any CPU
		{82C61A3D-D740-47B4-9E1D-4B9BA7F8BEB9}.Debug|x86.Build.0 = Debug|Any CPU
		{82C61A3D-D740-47B4-9E1D-4B9BA7F8BEB9}.Release|Any CPU.ActiveCfg = Release|Any CPU
		{82C61A3D-D740-47B4-9E1D-4B9BA7F8BEB9}.Release|Any CPU.Build.0 = Release|Any CPU
		{82C61A3D-D740-47B4-9E1D-4B9BA7F8BEB9}.Release|x64.ActiveCfg = Release|Any CPU
		{82C61A3D-D740-47B4-9E1D-4B9BA7F8BEB9}.Release|x64.Build.0 = Release|Any CPU
		{82C61A3D-D740-47B4-9E1D-4B9BA7F8BEB9}.Release|x86.ActiveCfg = Release|Any CPU
		{82C61A3D-D740-47B4-9E1D-4B9BA7F8BEB9}.Release|x86.Build.0 = Release|Any CPU
		{4571575B-64D8-46D3-B7BD-9EE2915BAB36}.Debug|Any CPU.ActiveCfg = Debug|Any CPU
		{4571575B-64D8-46D3-B7BD-9EE2915BAB36}.Debug|Any CPU.Build.0 = Debug|Any CPU
		{4571575B-64D8-46D3-B7BD-9EE2915BAB36}.Debug|x64.ActiveCfg = Debug|Any CPU
		{4571575B-64D8-46D3-B7BD-9EE2915BAB36}.Debug|x64.Build.0 = Debug|Any CPU
		{4571575B-64D8-46D3-B7BD-9EE2915BAB36}.Debug|x86.ActiveCfg = Debug|Any CPU
		{4571575B-64D8-46D3-B7BD-9EE2915BAB36}.Debug|x86.Build.0 = Debug|Any CPU
		{4571575B-64D8-46D3-B7BD-9EE2915BAB36}.Release|Any CPU.ActiveCfg = Release|Any CPU
		{4571575B-64D8-46D3-B7BD-9EE2915BAB36}.Release|Any CPU.Build.0 = Release|Any CPU
		{4571575B-64D8-46D3-B7BD-9EE2915BAB36}.Release|x64.ActiveCfg = Release|Any CPU
		{4571575B-64D8-46D3-B7BD-9EE2915BAB36}.Release|x64.Build.0 = Release|Any CPU
		{4571575B-64D8-46D3-B7BD-9EE2915BAB36}.Release|x86.ActiveCfg = Release|Any CPU
		{4571575B-64D8-46D3-B7BD-9EE2915BAB36}.Release|x86.Build.0 = Release|Any CPU
	EndGlobalSection
	GlobalSection(SolutionProperties) = preSolution
		HideSolutionNode = FALSE
	EndGlobalSection
	GlobalSection(NestedProjects) = preSolution
		{12739BA2-0763-49CA-B409-5D6DF634AD49} = {CD5A0FAA-D1C7-4BF6-809D-7F6361DCB657}
		{5D2370DE-4DFA-43B6-AF04-C26418582437} = {12739BA2-0763-49CA-B409-5D6DF634AD49}
		{76794705-A317-4021-9ADA-927853AB96DF} = {12739BA2-0763-49CA-B409-5D6DF634AD49}
		{6604E208-4514-4C95-B025-2DDA0495D523} = {CD5A0FAA-D1C7-4BF6-809D-7F6361DCB657}
		{462F03EF-CAF4-4469-8C39-BB886253321A} = {6604E208-4514-4C95-B025-2DDA0495D523}
		{3832F983-1DC3-496F-9328-A04429489417} = {6604E208-4514-4C95-B025-2DDA0495D523}
		{B1DDDCE6-2537-4D9B-976A-83A74DF31DE9} = {CD5A0FAA-D1C7-4BF6-809D-7F6361DCB657}
		{EDB1F0F3-C139-4A32-AA02-C5A6D25A60AF} = {B1DDDCE6-2537-4D9B-976A-83A74DF31DE9}
		{82C61A3D-D740-47B4-9E1D-4B9BA7F8BEB9} = {B1DDDCE6-2537-4D9B-976A-83A74DF31DE9}
		{A3C751BA-6B67-4210-B98D-E0E5E0CE569D} = {CD5A0FAA-D1C7-4BF6-809D-7F6361DCB657}
		{4571575B-64D8-46D3-B7BD-9EE2915BAB36} = {A3C751BA-6B67-4210-B98D-E0E5E0CE569D}
	EndGlobalSection
	GlobalSection(ExtensibilityGlobals) = postSolution
		SolutionGuid = {BD8C2393-6375-450A-82CD-1BF088A43D3E}
	EndGlobalSection
EndGlobal
